
Microsoft Visual Studio Solution File, Format Version 12.00
# Visual Studio 2013
VisualStudioVersion = 12.0.30501.0
MinimumVisualStudioVersion = 10.0.40219.1
Project("{FAE04EC0-301F-11D3-BF4B-00C04F79EFBC}") = "Mapnificent", "Mapnificent\Mapnificent.csproj", "{57109029-CB11-4CAC-AC9C-EE0CC008A5CE}"
EndProject
Project("{FAE04EC0-301F-11D3-BF4B-00C04F79EFBC}") = "Mapnificent.Tests", "Mapnificent.Tests\Mapnificent.Tests.csproj", "{AB5D6EAA-AF83-40BC-B440-82784C04EE31}"
EndProject
Project("{FAE04EC0-301F-11D3-BF4B-00C04F79EFBC}") = "Panopticon.Tests", "Panopticon.Tests\Panopticon.Tests.csproj", "{E38443A1-8F4F-4B96-9041-538A98302F44}"
EndProject
Project("{FAE04EC0-301F-11D3-BF4B-00C04F79EFBC}") = "Core.Async.Tests", "Core.Async.Tests\Core.Async.Tests.csproj", "{E4272BDD-5F91-4EA0-9F7B-4AE65061BA1F}"
EndProject
Project("{FAE04EC0-301F-11D3-BF4B-00C04F79EFBC}") = "Core", "Core\Core.csproj", "{8C39CCA4-F76C-4EE8-B27D-A0A1CCB91300}"
EndProject
Project("{FAE04EC0-301F-11D3-BF4B-00C04F79EFBC}") = "Core.Tests", "Core.Tests\Core.Tests.csproj", "{3303366A-ED3E-476C-811F-89C4C7D7BD11}"
EndProject
Project("{FAE04EC0-301F-11D3-BF4B-00C04F79EFBC}") = "Core.PlatformServices", "Core.PlatformServices\Core.PlatformServices.csproj", "{2159561B-5641-4E94-88AC-B7C9DB04560C}"
EndProject
Project("{FAE04EC0-301F-11D3-BF4B-00C04F79EFBC}") = "Core.PlatformServices.Tests", "Core.PlatformServices.Tests\Core.PlatformServices.Tests.csproj", "{C35FDE6F-1794-46E5-943C-4B3CE1638A23}"
EndProject
Project("{FAE04EC0-301F-11D3-BF4B-00C04F79EFBC}") = "Core.Async", "Core.Async\Core.Async.csproj", "{34EACD97-C7C9-455D-B091-77DC4D37C42E}"
EndProject
Project("{FAE04EC0-301F-11D3-BF4B-00C04F79EFBC}") = "QualityTools", "QualityTools\QualityTools.csproj", "{87212236-C4EE-43E0-8B64-F69765EF415B}"
EndProject
Project("{FAE04EC0-301F-11D3-BF4B-00C04F79EFBC}") = "Panopticon.PerformanceTests", "Panopticon.PerformanceTests\Panopticon.PerformanceTests.csproj", "{717C2DC1-249A-4B03-8AC8-7F4AC9D1C830}"
EndProject
Project("{2150E333-8FDC-42A3-9474-1A3956D46DE8}") = "KodeKandy.Panopticon", "KodeKandy.Panopticon", "{92C0849D-9B22-43EF-95D2-FBEBA8CE20FA}"
EndProject
Project("{2150E333-8FDC-42A3-9474-1A3956D46DE8}") = "KodeKandy.Mapnificent", "KodeKandy.Mapnificent", "{05245FAF-0374-4BF2-9CAD-CBB5C43AC713}"
EndProject
Project("{2150E333-8FDC-42A3-9474-1A3956D46DE8}") = "KodeKandy.Core", "KodeKandy.Core", "{053C759B-E324-4CBC-A8CC-9DBAE10AC375}"
EndProject
Project("{FAE04EC0-301F-11D3-BF4B-00C04F79EFBC}") = "Panopticon.Net40", "Panopticon.net40\Panopticon.Net40.csproj", "{04347349-B09F-4C2A-BE2E-F6F3CBCB3928}"
EndProject
Project("{D954291E-2A0B-460D-934E-DC6B0785DB48}") = "Panopticon.Shared", "Panopticon.Shared\Panopticon.Shared.shproj", "{2FF35776-71D2-4096-9CFD-FA78BC992E8D}"
EndProject
Project("{FAE04EC0-301F-11D3-BF4B-00C04F79EFBC}") = "Panopticon.Portable", "Panopticon.Portable\Panopticon.Portable.csproj", "{CF86E617-096F-472B-80EA-525B7ABD21B2}"
EndProject
Global
	GlobalSection(SharedMSBuildProjectFiles) = preSolution
		Panopticon.Shared\Panopticon.Shared.projitems*{cf86e617-096f-472b-80ea-525b7abd21b2}*SharedItemsImports = 4
		Panopticon.Shared\Panopticon.Shared.projitems*{2ff35776-71d2-4096-9cfd-fa78bc992e8d}*SharedItemsImports = 13
		Panopticon.Shared\Panopticon.Shared.projitems*{04347349-b09f-4c2a-be2e-f6f3cbcb3928}*SharedItemsImports = 4
	EndGlobalSection
	GlobalSection(SolutionConfigurationPlatforms) = preSolution
		Debug|Any CPU = Debug|Any CPU
		Release|Any CPU = Release|Any CPU
	EndGlobalSection
	GlobalSection(ProjectConfigurationPlatforms) = postSolution
		{57109029-CB11-4CAC-AC9C-EE0CC008A5CE}.Debug|Any CPU.ActiveCfg = Debug|Any CPU
		{57109029-CB11-4CAC-AC9C-EE0CC008A5CE}.Debug|Any CPU.Build.0 = Debug|Any CPU
		{57109029-CB11-4CAC-AC9C-EE0CC008A5CE}.Release|Any CPU.ActiveCfg = Release|Any CPU
		{57109029-CB11-4CAC-AC9C-EE0CC008A5CE}.Release|Any CPU.Build.0 = Release|Any CPU
		{AB5D6EAA-AF83-40BC-B440-82784C04EE31}.Debug|Any CPU.ActiveCfg = Debug|Any CPU
		{AB5D6EAA-AF83-40BC-B440-82784C04EE31}.Debug|Any CPU.Build.0 = Debug|Any CPU
		{AB5D6EAA-AF83-40BC-B440-82784C04EE31}.Release|Any CPU.ActiveCfg = Release|Any CPU
		{AB5D6EAA-AF83-40BC-B440-82784C04EE31}.Release|Any CPU.Build.0 = Release|Any CPU
		{E38443A1-8F4F-4B96-9041-538A98302F44}.Debug|Any CPU.ActiveCfg = Debug|Any CPU
		{E38443A1-8F4F-4B96-9041-538A98302F44}.Debug|Any CPU.Build.0 = Debug|Any CPU
		{E38443A1-8F4F-4B96-9041-538A98302F44}.Release|Any CPU.ActiveCfg = Release|Any CPU
		{E38443A1-8F4F-4B96-9041-538A98302F44}.Release|Any CPU.Build.0 = Release|Any CPU
		{E4272BDD-5F91-4EA0-9F7B-4AE65061BA1F}.Debug|Any CPU.ActiveCfg = Debug|Any CPU
		{E4272BDD-5F91-4EA0-9F7B-4AE65061BA1F}.Debug|Any CPU.Build.0 = Debug|Any CPU
		{E4272BDD-5F91-4EA0-9F7B-4AE65061BA1F}.Release|Any CPU.ActiveCfg = Release|Any CPU
		{E4272BDD-5F91-4EA0-9F7B-4AE65061BA1F}.Release|Any CPU.Build.0 = Release|Any CPU
		{8C39CCA4-F76C-4EE8-B27D-A0A1CCB91300}.Debug|Any CPU.ActiveCfg = Debug|Any CPU
		{8C39CCA4-F76C-4EE8-B27D-A0A1CCB91300}.Debug|Any CPU.Build.0 = Debug|Any CPU
		{8C39CCA4-F76C-4EE8-B27D-A0A1CCB91300}.Release|Any CPU.ActiveCfg = Release|Any CPU
		{8C39CCA4-F76C-4EE8-B27D-A0A1CCB91300}.Release|Any CPU.Build.0 = Release|Any CPU
		{3303366A-ED3E-476C-811F-89C4C7D7BD11}.Debug|Any CPU.ActiveCfg = Debug|Any CPU
		{3303366A-ED3E-476C-811F-89C4C7D7BD11}.Debug|Any CPU.Build.0 = Debug|Any CPU
		{3303366A-ED3E-476C-811F-89C4C7D7BD11}.Release|Any CPU.ActiveCfg = Release|Any CPU
		{3303366A-ED3E-476C-811F-89C4C7D7BD11}.Release|Any CPU.Build.0 = Release|Any CPU
		{2159561B-5641-4E94-88AC-B7C9DB04560C}.Debug|Any CPU.ActiveCfg = Debug|Any CPU
		{2159561B-5641-4E94-88AC-B7C9DB04560C}.Debug|Any CPU.Build.0 = Debug|Any CPU
		{2159561B-5641-4E94-88AC-B7C9DB04560C}.Release|Any CPU.ActiveCfg = Release|Any CPU
		{2159561B-5641-4E94-88AC-B7C9DB04560C}.Release|Any CPU.Build.0 = Release|Any CPU
		{C35FDE6F-1794-46E5-943C-4B3CE1638A23}.Debug|Any CPU.ActiveCfg = Debug|Any CPU
		{C35FDE6F-1794-46E5-943C-4B3CE1638A23}.Debug|Any CPU.Build.0 = Debug|Any CPU
		{C35FDE6F-1794-46E5-943C-4B3CE1638A23}.Release|Any CPU.ActiveCfg = Release|Any CPU
		{C35FDE6F-1794-46E5-943C-4B3CE1638A23}.Release|Any CPU.Build.0 = Release|Any CPU
		{34EACD97-C7C9-455D-B091-77DC4D37C42E}.Debug|Any CPU.ActiveCfg = Debug|Any CPU
		{34EACD97-C7C9-455D-B091-77DC4D37C42E}.Debug|Any CPU.Build.0 = Debug|Any CPU
		{34EACD97-C7C9-455D-B091-77DC4D37C42E}.Release|Any CPU.ActiveCfg = Release|Any CPU
		{34EACD97-C7C9-455D-B091-77DC4D37C42E}.Release|Any CPU.Build.0 = Release|Any CPU
		{87212236-C4EE-43E0-8B64-F69765EF415B}.Debug|Any CPU.ActiveCfg = Debug|Any CPU
		{87212236-C4EE-43E0-8B64-F69765EF415B}.Debug|Any CPU.Build.0 = Debug|Any CPU
		{87212236-C4EE-43E0-8B64-F69765EF415B}.Release|Any CPU.ActiveCfg = Release|Any CPU
		{87212236-C4EE-43E0-8B64-F69765EF415B}.Release|Any CPU.Build.0 = Release|Any CPU
		{717C2DC1-249A-4B03-8AC8-7F4AC9D1C830}.Debug|Any CPU.ActiveCfg = Debug|Any CPU
		{717C2DC1-249A-4B03-8AC8-7F4AC9D1C830}.Debug|Any CPU.Build.0 = Debug|Any CPU
		{717C2DC1-249A-4B03-8AC8-7F4AC9D1C830}.Release|Any CPU.ActiveCfg = Release|Any CPU
		{717C2DC1-249A-4B03-8AC8-7F4AC9D1C830}.Release|Any CPU.Build.0 = Release|Any CPU
		{04347349-B09F-4C2A-BE2E-F6F3CBCB3928}.Debug|Any CPU.ActiveCfg = Debug|Any CPU
		{04347349-B09F-4C2A-BE2E-F6F3CBCB3928}.Debug|Any CPU.Build.0 = Debug|Any CPU
		{04347349-B09F-4C2A-BE2E-F6F3CBCB3928}.Release|Any CPU.ActiveCfg = Release|Any CPU
		{04347349-B09F-4C2A-BE2E-F6F3CBCB3928}.Release|Any CPU.Build.0 = Release|Any CPU
		{CF86E617-096F-472B-80EA-525B7ABD21B2}.Debug|Any CPU.ActiveCfg = Debug|Any CPU
		{CF86E617-096F-472B-80EA-525B7ABD21B2}.Debug|Any CPU.Build.0 = Debug|Any CPU
		{CF86E617-096F-472B-80EA-525B7ABD21B2}.Release|Any CPU.ActiveCfg = Release|Any CPU
		{CF86E617-096F-472B-80EA-525B7ABD21B2}.Release|Any CPU.Build.0 = Release|Any CPU
	EndGlobalSection
	GlobalSection(SolutionProperties) = preSolution
		HideSolutionNode = FALSE
	EndGlobalSection
	GlobalSection(NestedProjects) = preSolution
		{57109029-CB11-4CAC-AC9C-EE0CC008A5CE} = {05245FAF-0374-4BF2-9CAD-CBB5C43AC713}
		{AB5D6EAA-AF83-40BC-B440-82784C04EE31} = {05245FAF-0374-4BF2-9CAD-CBB5C43AC713}
		{E38443A1-8F4F-4B96-9041-538A98302F44} = {92C0849D-9B22-43EF-95D2-FBEBA8CE20FA}
		{E4272BDD-5F91-4EA0-9F7B-4AE65061BA1F} = {053C759B-E324-4CBC-A8CC-9DBAE10AC375}
		{8C39CCA4-F76C-4EE8-B27D-A0A1CCB91300} = {053C759B-E324-4CBC-A8CC-9DBAE10AC375}
		{3303366A-ED3E-476C-811F-89C4C7D7BD11} = {053C759B-E324-4CBC-A8CC-9DBAE10AC375}
		{2159561B-5641-4E94-88AC-B7C9DB04560C} = {053C759B-E324-4CBC-A8CC-9DBAE10AC375}
		{C35FDE6F-1794-46E5-943C-4B3CE1638A23} = {053C759B-E324-4CBC-A8CC-9DBAE10AC375}
		{34EACD97-C7C9-455D-B091-77DC4D37C42E} = {053C759B-E324-4CBC-A8CC-9DBAE10AC375}
		{717C2DC1-249A-4B03-8AC8-7F4AC9D1C830} = {92C0849D-9B22-43EF-95D2-FBEBA8CE20FA}
		{04347349-B09F-4C2A-BE2E-F6F3CBCB3928} = {92C0849D-9B22-43EF-95D2-FBEBA8CE20FA}
		{2FF35776-71D2-4096-9CFD-FA78BC992E8D} = {92C0849D-9B22-43EF-95D2-FBEBA8CE20FA}
		{CF86E617-096F-472B-80EA-525B7ABD21B2} = {92C0849D-9B22-43EF-95D2-FBEBA8CE20FA}
	EndGlobalSection
EndGlobal
